// !$*UTF8*$!
{
	archiveVersion = 1;
	classes = {
	};
	objectVersion = 56;
	objects = {

/* Begin PBXBuildFile section */
		189E4E272B8C92EF00972C5F /* AppDelegate.swift in Sources */ = {isa = PBXBuildFile; fileRef = 189E4E262B8C92EF00972C5F /* AppDelegate.swift */; };
		189E4E292B8C92EF00972C5F /* SceneDelegate.swift in Sources */ = {isa = PBXBuildFile; fileRef = 189E4E282B8C92EF00972C5F /* SceneDelegate.swift */; };
		189E4E302B8C92F100972C5F /* Assets.xcassets in Resources */ = {isa = PBXBuildFile; fileRef = 189E4E2F2B8C92F100972C5F /* Assets.xcassets */; };
		189E4E332B8C92F100972C5F /* LaunchScreen.storyboard in Resources */ = {isa = PBXBuildFile; fileRef = 189E4E312B8C92F100972C5F /* LaunchScreen.storyboard */; };
		189E4E3E2B8C92F100972C5F /* _monthTestPracticTests.swift in Sources */ = {isa = PBXBuildFile; fileRef = 189E4E3D2B8C92F100972C5F /* _monthTestPracticTests.swift */; };
		189E4E482B8C92F200972C5F /* _monthTestPracticUITests.swift in Sources */ = {isa = PBXBuildFile; fileRef = 189E4E472B8C92F200972C5F /* _monthTestPracticUITests.swift */; };
		189E4E4A2B8C92F200972C5F /* _monthTestPracticUITestsLaunchTests.swift in Sources */ = {isa = PBXBuildFile; fileRef = 189E4E492B8C92F200972C5F /* _monthTestPracticUITestsLaunchTests.swift */; };
		189E4E572B8C942800972C5F /* SignInViewController.swift in Sources */ = {isa = PBXBuildFile; fileRef = 189E4E562B8C942800972C5F /* SignInViewController.swift */; };
		189E4E5B2B8C946800972C5F /* MakerView.swift in Sources */ = {isa = PBXBuildFile; fileRef = 189E4E5A2B8C946800972C5F /* MakerView.swift */; };
		189E4E5E2B8C94CB00972C5F /* Colors.swift in Sources */ = {isa = PBXBuildFile; fileRef = 189E4E5D2B8C94CB00972C5F /* Colors.swift */; };
		189E4E612B8CD76500972C5F /* NotificationViewController.swift in Sources */ = {isa = PBXBuildFile; fileRef = 189E4E602B8CD76500972C5F /* NotificationViewController.swift */; };
		189E4E662B8DEAE200972C5F /* Contacts.swift in Sources */ = {isa = PBXBuildFile; fileRef = 189E4E652B8DEAE200972C5F /* Contacts.swift */; };
		189E4E682B8DF9A100972C5F /* CustomTableViewCell.swift in Sources */ = {isa = PBXBuildFile; fileRef = 189E4E672B8DF9A100972C5F /* CustomTableViewCell.swift */; };
/* End PBXBuildFile section */

/* Begin PBXContainerItemProxy section */
		189E4E3A2B8C92F100972C5F /* PBXContainerItemProxy */ = {
			isa = PBXContainerItemProxy;
			containerPortal = 189E4E1B2B8C92EF00972C5F /* Project object */;
			proxyType = 1;
			remoteGlobalIDString = 189E4E222B8C92EF00972C5F;
			remoteInfo = 4monthTestPractic;
		};
		189E4E442B8C92F200972C5F /* PBXContainerItemProxy */ = {
			isa = PBXContainerItemProxy;
			containerPortal = 189E4E1B2B8C92EF00972C5F /* Project object */;
			proxyType = 1;
			remoteGlobalIDString = 189E4E222B8C92EF00972C5F;
			remoteInfo = 4monthTestPractic;
		};
/* End PBXContainerItemProxy section */

/* Begin PBXFileReference section */
		189E4E232B8C92EF00972C5F /* 4monthTestPractic.app */ = {isa = PBXFileReference; explicitFileType = wrapper.application; includeInIndex = 0; path = 4monthTestPractic.app; sourceTree = BUILT_PRODUCTS_DIR; };
		189E4E262B8C92EF00972C5F /* AppDelegate.swift */ = {isa = PBXFileReference; lastKnownFileType = sourcecode.swift; path = AppDelegate.swift; sourceTree = "<group>"; };
		189E4E282B8C92EF00972C5F /* SceneDelegate.swift */ = {isa = PBXFileReference; lastKnownFileType = sourcecode.swift; path = SceneDelegate.swift; sourceTree = "<group>"; };
		189E4E2F2B8C92F100972C5F /* Assets.xcassets */ = {isa = PBXFileReference; lastKnownFileType = folder.assetcatalog; path = Assets.xcassets; sourceTree = "<group>"; };
		189E4E322B8C92F100972C5F /* Base */ = {isa = PBXFileReference; lastKnownFileType = file.storyboard; name = Base; path = Base.lproj/LaunchScreen.storyboard; sourceTree = "<group>"; };
		189E4E342B8C92F100972C5F /* Info.plist */ = {isa = PBXFileReference; lastKnownFileType = text.plist.xml; path = Info.plist; sourceTree = "<group>"; };
		189E4E392B8C92F100972C5F /* 4monthTestPracticTests.xctest */ = {isa = PBXFileReference; explicitFileType = wrapper.cfbundle; includeInIndex = 0; path = 4monthTestPracticTests.xctest; sourceTree = BUILT_PRODUCTS_DIR; };
		189E4E3D2B8C92F100972C5F /* _monthTestPracticTests.swift */ = {isa = PBXFileReference; lastKnownFileType = sourcecode.swift; path = _monthTestPracticTests.swift; sourceTree = "<group>"; };
		189E4E432B8C92F200972C5F /* 4monthTestPracticUITests.xctest */ = {isa = PBXFileReference; explicitFileType = wrapper.cfbundle; includeInIndex = 0; path = 4monthTestPracticUITests.xctest; sourceTree = BUILT_PRODUCTS_DIR; };
		189E4E472B8C92F200972C5F /* _monthTestPracticUITests.swift */ = {isa = PBXFileReference; lastKnownFileType = sourcecode.swift; path = _monthTestPracticUITests.swift; sourceTree = "<group>"; };
		189E4E492B8C92F200972C5F /* _monthTestPracticUITestsLaunchTests.swift */ = {isa = PBXFileReference; lastKnownFileType = sourcecode.swift; path = _monthTestPracticUITestsLaunchTests.swift; sourceTree = "<group>"; };
		189E4E562B8C942800972C5F /* SignInViewController.swift */ = {isa = PBXFileReference; lastKnownFileType = sourcecode.swift; path = SignInViewController.swift; sourceTree = "<group>"; };
		189E4E5A2B8C946800972C5F /* MakerView.swift */ = {isa = PBXFileReference; lastKnownFileType = sourcecode.swift; path = MakerView.swift; sourceTree = "<group>"; };
		189E4E5D2B8C94CB00972C5F /* Colors.swift */ = {isa = PBXFileReference; lastKnownFileType = sourcecode.swift; path = Colors.swift; sourceTree = "<group>"; };
		189E4E602B8CD76500972C5F /* NotificationViewController.swift */ = {isa = PBXFileReference; lastKnownFileType = sourcecode.swift; path = NotificationViewController.swift; sourceTree = "<group>"; };
		189E4E652B8DEAE200972C5F /* Contacts.swift */ = {isa = PBXFileReference; lastKnownFileType = sourcecode.swift; path = Contacts.swift; sourceTree = "<group>"; };
		189E4E672B8DF9A100972C5F /* CustomTableViewCell.swift */ = {isa = PBXFileReference; lastKnownFileType = sourcecode.swift; path = CustomTableViewCell.swift; sourceTree = "<group>"; };
/* End PBXFileReference section */

/* Begin PBXFrameworksBuildPhase section */
		189E4E202B8C92EF00972C5F /* Frameworks */ = {
			isa = PBXFrameworksBuildPhase;
			buildActionMask = 2147483647;
			files = (
			);
			runOnlyForDeploymentPostprocessing = 0;
		};
		189E4E362B8C92F100972C5F /* Frameworks */ = {
			isa = PBXFrameworksBuildPhase;
			buildActionMask = 2147483647;
			files = (
			);
			runOnlyForDeploymentPostprocessing = 0;
		};
		189E4E402B8C92F200972C5F /* Frameworks */ = {
			isa = PBXFrameworksBuildPhase;
			buildActionMask = 2147483647;
			files = (
			);
			runOnlyForDeploymentPostprocessing = 0;
		};
/* End PBXFrameworksBuildPhase section */

/* Begin PBXGroup section */
		189E4E1A2B8C92EF00972C5F = {
			isa = PBXGroup;
			children = (
				189E4E252B8C92EF00972C5F /* 4monthTestPractic */,
				189E4E3C2B8C92F100972C5F /* 4monthTestPracticTests */,
				189E4E462B8C92F200972C5F /* 4monthTestPracticUITests */,
				189E4E242B8C92EF00972C5F /* Products */,
			);
			sourceTree = "<group>";
		};
		189E4E242B8C92EF00972C5F /* Products */ = {
			isa = PBXGroup;
			children = (
				189E4E232B8C92EF00972C5F /* 4monthTestPractic.app */,
				189E4E392B8C92F100972C5F /* 4monthTestPracticTests.xctest */,
				189E4E432B8C92F200972C5F /* 4monthTestPracticUITests.xctest */,
			);
			name = Products;
			sourceTree = "<group>";
		};
		189E4E252B8C92EF00972C5F /* 4monthTestPractic */ = {
			isa = PBXGroup;
			children = (
				189E4E582B8C943B00972C5F /* App */,
				189E4E592B8C944C00972C5F /* MakerView */,
				189E4E5F2B8CD64900972C5F /* Views */,
				189E4E5C2B8C94B800972C5F /* Resouce */,
				189E4E2F2B8C92F100972C5F /* Assets.xcassets */,
				189E4E312B8C92F100972C5F /* LaunchScreen.storyboard */,
				189E4E342B8C92F100972C5F /* Info.plist */,
			);
			path = 4monthTestPractic;
			sourceTree = "<group>";
		};
		189E4E3C2B8C92F100972C5F /* 4monthTestPracticTests */ = {
			isa = PBXGroup;
			children = (
				189E4E3D2B8C92F100972C5F /* _monthTestPracticTests.swift */,
			);
			path = 4monthTestPracticTests;
			sourceTree = "<group>";
		};
		189E4E462B8C92F200972C5F /* 4monthTestPracticUITests */ = {
			isa = PBXGroup;
			children = (
				189E4E472B8C92F200972C5F /* _monthTestPracticUITests.swift */,
				189E4E492B8C92F200972C5F /* _monthTestPracticUITestsLaunchTests.swift */,
			);
			path = 4monthTestPracticUITests;
			sourceTree = "<group>";
		};
		189E4E582B8C943B00972C5F /* App */ = {
			isa = PBXGroup;
			children = (
				189E4E262B8C92EF00972C5F /* AppDelegate.swift */,
				189E4E282B8C92EF00972C5F /* SceneDelegate.swift */,
			);
			path = App;
			sourceTree = "<group>";
		};
		189E4E592B8C944C00972C5F /* MakerView */ = {
			isa = PBXGroup;
			children = (
				189E4E5A2B8C946800972C5F /* MakerView.swift */,
				189E4E652B8DEAE200972C5F /* Contacts.swift */,
			);
			path = MakerView;
			sourceTree = "<group>";
		};
		189E4E5C2B8C94B800972C5F /* Resouce */ = {
			isa = PBXGroup;
			children = (
				189E4E5D2B8C94CB00972C5F /* Colors.swift */,
			);
			path = Resouce;
			sourceTree = "<group>";
		};
		189E4E5F2B8CD64900972C5F /* Views */ = {
			isa = PBXGroup;
			children = (
				189E4E562B8C942800972C5F /* SignInViewController.swift */,
				189E4E602B8CD76500972C5F /* NotificationViewController.swift */,
				189E4E622B8CDB2D00972C5F /* Costums */,
			);
			path = Views;
			sourceTree = "<group>";
		};
		189E4E622B8CDB2D00972C5F /* Costums */ = {
			isa = PBXGroup;
			children = (
				189E4E672B8DF9A100972C5F /* CustomTableViewCell.swift */,
			);
			path = Costums;
			sourceTree = "<group>";
		};
/* End PBXGroup section */

/* Begin PBXNativeTarget section */
		189E4E222B8C92EF00972C5F /* 4monthTestPractic */ = {
			isa = PBXNativeTarget;
			buildConfigurationList = 189E4E4D2B8C92F200972C5F /* Build configuration list for PBXNativeTarget "4monthTestPractic" */;
			buildPhases = (
				189E4E1F2B8C92EF00972C5F /* Sources */,
				189E4E202B8C92EF00972C5F /* Frameworks */,
				189E4E212B8C92EF00972C5F /* Resources */,
			);
			buildRules = (
			);
			dependencies = (
			);
			name = 4monthTestPractic;
			productName = 4monthTestPractic;
			productReference = 189E4E232B8C92EF00972C5F /* 4monthTestPractic.app */;
			productType = "com.apple.product-type.application";
		};
		189E4E382B8C92F100972C5F /* 4monthTestPracticTests */ = {
			isa = PBXNativeTarget;
			buildConfigurationList = 189E4E502B8C92F200972C5F /* Build configuration list for PBXNativeTarget "4monthTestPracticTests" */;
			buildPhases = (
				189E4E352B8C92F100972C5F /* Sources */,
				189E4E362B8C92F100972C5F /* Frameworks */,
				189E4E372B8C92F100972C5F /* Resources */,
			);
			buildRules = (
			);
			dependencies = (
				189E4E3B2B8C92F100972C5F /* PBXTargetDependency */,
			);
			name = 4monthTestPracticTests;
			productName = 4monthTestPracticTests;
			productReference = 189E4E392B8C92F100972C5F /* 4monthTestPracticTests.xctest */;
			productType = "com.apple.product-type.bundle.unit-test";
		};
		189E4E422B8C92F200972C5F /* 4monthTestPracticUITests */ = {
			isa = PBXNativeTarget;
			buildConfigurationList = 189E4E532B8C92F200972C5F /* Build configuration list for PBXNativeTarget "4monthTestPracticUITests" */;
			buildPhases = (
				189E4E3F2B8C92F200972C5F /* Sources */,
				189E4E402B8C92F200972C5F /* Frameworks */,
				189E4E412B8C92F200972C5F /* Resources */,
			);
			buildRules = (
			);
			dependencies = (
				189E4E452B8C92F200972C5F /* PBXTargetDependency */,
			);
			name = 4monthTestPracticUITests;
			productName = 4monthTestPracticUITests;
			productReference = 189E4E432B8C92F200972C5F /* 4monthTestPracticUITests.xctest */;
			productType = "com.apple.product-type.bundle.ui-testing";
		};
/* End PBXNativeTarget section */

/* Begin PBXProject section */
		189E4E1B2B8C92EF00972C5F /* Project object */ = {
			isa = PBXProject;
			attributes = {
				BuildIndependentTargetsInParallel = 1;
				LastSwiftUpdateCheck = 1520;
				LastUpgradeCheck = 1520;
				TargetAttributes = {
					189E4E222B8C92EF00972C5F = {
						CreatedOnToolsVersion = 15.2;
					};
					189E4E382B8C92F100972C5F = {
						CreatedOnToolsVersion = 15.2;
						TestTargetID = 189E4E222B8C92EF00972C5F;
					};
					189E4E422B8C92F200972C5F = {
						CreatedOnToolsVersion = 15.2;
						TestTargetID = 189E4E222B8C92EF00972C5F;
					};
				};
			};
			buildConfigurationList = 189E4E1E2B8C92EF00972C5F /* Build configuration list for PBXProject "4monthTestPractic" */;
			compatibilityVersion = "Xcode 14.0";
			developmentRegion = en;
			hasScannedForEncodings = 0;
			knownRegions = (
				en,
				Base,
			);
			mainGroup = 189E4E1A2B8C92EF00972C5F;
			productRefGroup = 189E4E242B8C92EF00972C5F /* Products */;
			projectDirPath = "";
			projectRoot = "";
			targets = (
				189E4E222B8C92EF00972C5F /* 4monthTestPractic */,
				189E4E382B8C92F100972C5F /* 4monthTestPracticTests */,
				189E4E422B8C92F200972C5F /* 4monthTestPracticUITests */,
			);
		};
/* End PBXProject section */

/* Begin PBXResourcesBuildPhase section */
		189E4E212B8C92EF00972C5F /* Resources */ = {
			isa = PBXResourcesBuildPhase;
			buildActionMask = 2147483647;
			files = (
				189E4E332B8C92F100972C5F /* LaunchScreen.storyboard in Resources */,
				189E4E302B8C92F100972C5F /* Assets.xcassets in Resources */,
			);
			runOnlyForDeploymentPostprocessing = 0;
		};
		189E4E372B8C92F100972C5F /* Resources */ = {
			isa = PBXResourcesBuildPhase;
			buildActionMask = 2147483647;
			files = (
			);
			runOnlyForDeploymentPostprocessing = 0;
		};
		189E4E412B8C92F200972C5F /* Resources */ = {
			isa = PBXResourcesBuildPhase;
			buildActionMask = 2147483647;
			files = (
			);
			runOnlyForDeploymentPostprocessing = 0;
		};
/* End PBXResourcesBuildPhase section */

/* Begin PBXSourcesBuildPhase section */
		189E4E1F2B8C92EF00972C5F /* Sources */ = {
			isa = PBXSourcesBuildPhase;
			buildActionMask = 2147483647;
			files = (
				189E4E682B8DF9A100972C5F /* CustomTableViewCell.swift in Sources */,
				189E4E662B8DEAE200972C5F /* Contacts.swift in Sources */,
				189E4E5B2B8C946800972C5F /* MakerView.swift in Sources */,
				189E4E5E2B8C94CB00972C5F /* Colors.swift in Sources */,
				189E4E572B8C942800972C5F /* SignInViewController.swift in Sources */,
				189E4E612B8CD76500972C5F /* NotificationViewController.swift in Sources */,
				189E4E272B8C92EF00972C5F /* AppDelegate.swift in Sources */,
				189E4E292B8C92EF00972C5F /* SceneDelegate.swift in Sources */,
			);
			runOnlyForDeploymentPostprocessing = 0;
		};
		189E4E352B8C92F100972C5F /* Sources */ = {
			isa = PBXSourcesBuildPhase;
			buildActionMask = 2147483647;
			files = (
				189E4E3E2B8C92F100972C5F /* _monthTestPracticTests.swift in Sources */,
			);
			runOnlyForDeploymentPostprocessing = 0;
		};
		189E4E3F2B8C92F200972C5F /* Sources */ = {
			isa = PBXSourcesBuildPhase;
			buildActionMask = 2147483647;
			files = (
				189E4E4A2B8C92F200972C5F /* _monthTestPracticUITestsLaunchTests.swift in Sources */,
				189E4E482B8C92F200972C5F /* _monthTestPracticUITests.swift in Sources */,
			);
			runOnlyForDeploymentPostprocessing = 0;
		};
/* End PBXSourcesBuildPhase section */

/* Begin PBXTargetDependency section */
		189E4E3B2B8C92F100972C5F /* PBXTargetDependency */ = {
			isa = PBXTargetDependency;
			target = 189E4E222B8C92EF00972C5F /* 4monthTestPractic */;
			targetProxy = 189E4E3A2B8C92F100972C5F /* PBXContainerItemProxy */;
		};
		189E4E452B8C92F200972C5F /* PBXTargetDependency */ = {
			isa = PBXTargetDependency;
			target = 189E4E222B8C92EF00972C5F /* 4monthTestPractic */;
			targetProxy = 189E4E442B8C92F200972C5F /* PBXContainerItemProxy */;
		};
/* End PBXTargetDependency section */

/* Begin PBXVariantGroup section */
		189E4E312B8C92F100972C5F /* LaunchScreen.storyboard */ = {
			isa = PBXVariantGroup;
			children = (
				189E4E322B8C92F100972C5F /* Base */,
			);
			name = LaunchScreen.storyboard;
			sourceTree = "<group>";
		};
/* End PBXVariantGroup section */

/* Begin XCBuildConfiguration section */
		189E4E4B2B8C92F200972C5F /* Debug */ = {
			isa = XCBuildConfiguration;
			buildSettings = {
				ALWAYS_SEARCH_USER_PATHS = NO;
				ASSETCATALOG_COMPILER_GENERATE_SWIFT_ASSET_SYMBOL_EXTENSIONS = YES;
				CLANG_ANALYZER_NONNULL = YES;
				CLANG_ANALYZER_NUMBER_OBJECT_CONVERSION = YES_AGGRESSIVE;
				CLANG_CXX_LANGUAGE_STANDARD = "gnu++20";
				CLANG_ENABLE_MODULES = YES;
				CLANG_ENABLE_OBJC_ARC = YES;
				CLANG_ENABLE_OBJC_WEAK = YES;
				CLANG_WARN_BLOCK_CAPTURE_AUTORELEASING = YES;
				CLANG_WARN_BOOL_CONVERSION = YES;
				CLANG_WARN_COMMA = YES;
				CLANG_WARN_CONSTANT_CONVERSION = YES;
				CLANG_WARN_DEPRECATED_OBJC_IMPLEMENTATIONS = YES;
				CLANG_WARN_DIRECT_OBJC_ISA_USAGE = YES_ERROR;
				CLANG_WARN_DOCUMENTATION_COMMENTS = YES;
				CLANG_WARN_EMPTY_BODY = YES;
				CLANG_WARN_ENUM_CONVERSION = YES;
				CLANG_WARN_INFINITE_RECURSION = YES;
				CLANG_WARN_INT_CONVERSION = YES;
				CLANG_WARN_NON_LITERAL_NULL_CONVERSION = YES;
				CLANG_WARN_OBJC_IMPLICIT_RETAIN_SELF = YES;
				CLANG_WARN_OBJC_LITERAL_CONVERSION = YES;
				CLANG_WARN_OBJC_ROOT_CLASS = YES_ERROR;
				CLANG_WARN_QUOTED_INCLUDE_IN_FRAMEWORK_HEADER = YES;
				CLANG_WARN_RANGE_LOOP_ANALYSIS = YES;
				CLANG_WARN_STRICT_PROTOTYPES = YES;
				CLANG_WARN_SUSPICIOUS_MOVE = YES;
				CLANG_WARN_UNGUARDED_AVAILABILITY = YES_AGGRESSIVE;
				CLANG_WARN_UNREACHABLE_CODE = YES;
				CLANG_WARN__DUPLICATE_METHOD_MATCH = YES;
				COPY_PHASE_STRIP = NO;
				DEBUG_INFORMATION_FORMAT = dwarf;
				ENABLE_STRICT_OBJC_MSGSEND = YES;
				ENABLE_TESTABILITY = YES;
				ENABLE_USER_SCRIPT_SANDBOXING = YES;
				GCC_C_LANGUAGE_STANDARD = gnu17;
				GCC_DYNAMIC_NO_PIC = NO;
				GCC_NO_COMMON_BLOCKS = YES;
				GCC_OPTIMIZATION_LEVEL = 0;
				GCC_PREPROCESSOR_DEFINITIONS = (
					"DEBUG=1",
					"$(inherited)",
				);
				GCC_WARN_64_TO_32_BIT_CONVERSION = YES;
				GCC_WARN_ABOUT_RETURN_TYPE = YES_ERROR;
				GCC_WARN_UNDECLARED_SELECTOR = YES;
				GCC_WARN_UNINITIALIZED_AUTOS = YES_AGGRESSIVE;
				GCC_WARN_UNUSED_FUNCTION = YES;
				GCC_WARN_UNUSED_VARIABLE = YES;
				IPHONEOS_DEPLOYMENT_TARGET = 15.0;
				LOCALIZATION_PREFERS_STRING_CATALOGS = YES;
				MTL_ENABLE_DEBUG_INFO = INCLUDE_SOURCE;
				MTL_FAST_MATH = YES;
				ONLY_ACTIVE_ARCH = YES;
				SDKROOT = iphoneos;
				SWIFT_ACTIVE_COMPILATION_CONDITIONS = "DEBUG $(inherited)";
				SWIFT_OPTIMIZATION_LEVEL = "-Onone";
			};
			name = Debug;
		};
		189E4E4C2B8C92F200972C5F /* Release */ = {
			isa = XCBuildConfiguration;
			buildSettings = {
				ALWAYS_SEARCH_USER_PATHS = NO;
				ASSETCATALOG_COMPILER_GENERATE_SWIFT_ASSET_SYMBOL_EXTENSIONS = YES;
				CLANG_ANALYZER_NONNULL = YES;
				CLANG_ANALYZER_NUMBER_OBJECT_CONVERSION = YES_AGGRESSIVE;
				CLANG_CXX_LANGUAGE_STANDARD = "gnu++20";
				CLANG_ENABLE_MODULES = YES;
				CLANG_ENABLE_OBJC_ARC = YES;
				CLANG_ENABLE_OBJC_WEAK = YES;
				CLANG_WARN_BLOCK_CAPTURE_AUTORELEASING = YES;
				CLANG_WARN_BOOL_CONVERSION = YES;
				CLANG_WARN_COMMA = YES;
				CLANG_WARN_CONSTANT_CONVERSION = YES;
				CLANG_WARN_DEPRECATED_OBJC_IMPLEMENTATIONS = YES;
				CLANG_WARN_DIRECT_OBJC_ISA_USAGE = YES_ERROR;
				CLANG_WARN_DOCUMENTATION_COMMENTS = YES;
				CLANG_WARN_EMPTY_BODY = YES;
				CLANG_WARN_ENUM_CONVERSION = YES;
				CLANG_WARN_INFINITE_RECURSION = YES;
				CLANG_WARN_INT_CONVERSION = YES;
				CLANG_WARN_NON_LITERAL_NULL_CONVERSION = YES;
				CLANG_WARN_OBJC_IMPLICIT_RETAIN_SELF = YES;
				CLANG_WARN_OBJC_LITERAL_CONVERSION = YES;
				CLANG_WARN_OBJC_ROOT_CLASS = YES_ERROR;
				CLANG_WARN_QUOTED_INCLUDE_IN_FRAMEWORK_HEADER = YES;
				CLANG_WARN_RANGE_LOOP_ANALYSIS = YES;
				CLANG_WARN_STRICT_PROTOTYPES = YES;
				CLANG_WARN_SUSPICIOUS_MOVE = YES;
				CLANG_WARN_UNGUARDED_AVAILABILITY = YES_AGGRESSIVE;
				CLANG_WARN_UNREACHABLE_CODE = YES;
				CLANG_WARN__DUPLICATE_METHOD_MATCH = YES;
				COPY_PHASE_STRIP = NO;
				DEBUG_INFORMATION_FORMAT = "dwarf-with-dsym";
				ENABLE_NS_ASSERTIONS = NO;
				ENABLE_STRICT_OBJC_MSGSEND = YES;
				ENABLE_USER_SCRIPT_SANDBOXING = YES;
				GCC_C_LANGUAGE_STANDARD = gnu17;
				GCC_NO_COMMON_BLOCKS = YES;
				GCC_WARN_64_TO_32_BIT_CONVERSION = YES;
				GCC_WARN_ABOUT_RETURN_TYPE = YES_ERROR;
				GCC_WARN_UNDECLARED_SELECTOR = YES;
				GCC_WARN_UNINITIALIZED_AUTOS = YES_AGGRESSIVE;
				GCC_WARN_UNUSED_FUNCTION = YES;
				GCC_WARN_UNUSED_VARIABLE = YES;
				IPHONEOS_DEPLOYMENT_TARGET = 15.0;
				LOCALIZATION_PREFERS_STRING_CATALOGS = YES;
				MTL_ENABLE_DEBUG_INFO = NO;
				MTL_FAST_MATH = YES;
				SDKROOT = iphoneos;
				SWIFT_COMPILATION_MODE = wholemodule;
				VALIDATE_PRODUCT = YES;
			};
			name = Release;
		};
		189E4E4E2B8C92F200972C5F /* Debug */ = {
			isa = XCBuildConfiguration;
			buildSettings = {
				ASSETCATALOG_COMPILER_APPICON_NAME = AppIcon;
				ASSETCATALOG_COMPILER_GLOBAL_ACCENT_COLOR_NAME = AccentColor;
				CODE_SIGN_STYLE = Automatic;
				CURRENT_PROJECT_VERSION = 1;
				GENERATE_INFOPLIST_FILE = YES;
				INFOPLIST_FILE = 4monthTestPractic/Info.plist;
				INFOPLIST_KEY_UIApplicationSupportsIndirectInputEvents = YES;
				INFOPLIST_KEY_UILaunchStoryboardName = LaunchScreen;
				INFOPLIST_KEY_UISupportedInterfaceOrientations_iPad = "UIInterfaceOrientationPortrait UIInterfaceOrientationPortraitUpsideDown UIInterfaceOrientationLandscapeLeft UIInterfaceOrientationLandscapeRight";
				INFOPLIST_KEY_UISupportedInterfaceOrientations_iPhone = "UIInterfaceOrientationPortrait UIInterfaceOrientationLandscapeLeft UIInterfaceOrientationLandscapeRight";
				LD_RUNPATH_SEARCH_PATHS = (
					"$(inherited)",
					"@executable_path/Frameworks",
				);
				MARKETING_VERSION = 1.0;
				PRODUCT_BUNDLE_IDENTIFIER = "omurbekov.-monthTestPractic";
				PRODUCT_NAME = "$(TARGET_NAME)";
				SWIFT_EMIT_LOC_STRINGS = YES;
				SWIFT_VERSION = 5.0;
				TARGETED_DEVICE_FAMILY = "1,2";
			};
			name = Debug;
		};
		189E4E4F2B8C92F200972C5F /* Release */ = {
			isa = XCBuildConfiguration;
			buildSettings = {
				ASSETCATALOG_COMPILER_APPICON_NAME = AppIcon;
				ASSETCATALOG_COMPILER_GLOBAL_ACCENT_COLOR_NAME = AccentColor;
				CODE_SIGN_STYLE = Automatic;
				CURRENT_PROJECT_VERSION = 1;
				GENERATE_INFOPLIST_FILE = YES;
				INFOPLIST_FILE = 4monthTestPractic/Info.plist;
				INFOPLIST_KEY_UIApplicationSupportsIndirectInputEvents = YES;
				INFOPLIST_KEY_UILaunchStoryboardName = LaunchScreen;
				INFOPLIST_KEY_UISupportedInterfaceOrientations_iPad = "UIInterfaceOrientationPortrait UIInterfaceOrientationPortraitUpsideDown UIInterfaceOrientationLandscapeLeft UIInterfaceOrientationLandscapeRight";
				INFOPLIST_KEY_UISupportedInterfaceOrientations_iPhone = "UIInterfaceOrientationPortrait UIInterfaceOrientationLandscapeLeft UIInterfaceOrientationLandscapeRight";
				LD_RUNPATH_SEARCH_PATHS = (
					"$(inherited)",
					"@executable_path/Frameworks",
				);
				MARKETING_VERSION = 1.0;
				PRODUCT_BUNDLE_IDENTIFIER = "omurbekov.-monthTestPractic";
				PRODUCT_NAME = "$(TARGET_NAME)";
				SWIFT_EMIT_LOC_STRINGS = YES;
				SWIFT_VERSION = 5.0;
				TARGETED_DEVICE_FAMILY = "1,2";
			};
			name = Release;
		};
		189E4E512B8C92F200972C5F /* Debug */ = {
			isa = XCBuildConfiguration;
			buildSettings = {
				ALWAYS_EMBED_SWIFT_STANDARD_LIBRARIES = YES;
				BUNDLE_LOADER = "$(TEST_HOST)";
				CODE_SIGN_STYLE = Automatic;
				CURRENT_PROJECT_VERSION = 1;
				GENERATE_INFOPLIST_FILE = YES;
				IPHONEOS_DEPLOYMENT_TARGET = 17.2;
				MARKETING_VERSION = 1.0;
				PRODUCT_BUNDLE_IDENTIFIER = "omurbekov.-monthTestPracticTests";
				PRODUCT_NAME = "$(TARGET_NAME)";
				SWIFT_EMIT_LOC_STRINGS = NO;
				SWIFT_VERSION = 5.0;
				TARGETED_DEVICE_FAMILY = "1,2";
				TEST_HOST = "$(BUILT_PRODUCTS_DIR)/4monthTestPractic.app/$(BUNDLE_EXECUTABLE_FOLDER_PATH)/4monthTestPractic";
			};
			name = Debug;
		};
		189E4E522B8C92F200972C5F /* Release */ = {
			isa = XCBuildConfiguration;
			buildSettings = {
				ALWAYS_EMBED_SWIFT_STANDARD_LIBRARIES = YES;
				BUNDLE_LOADER = "$(TEST_HOST)";
				CODE_SIGN_STYLE = Automatic;
				CURRENT_PROJECT_VERSION = 1;
				GENERATE_INFOPLIST_FILE = YES;
				IPHONEOS_DEPLOYMENT_TARGET = 17.2;
				MARKETING_VERSION = 1.0;
				PRODUCT_BUNDLE_IDENTIFIER = "omurbekov.-monthTestPracticTests";
				PRODUCT_NAME = "$(TARGET_NAME)";
				SWIFT_EMIT_LOC_STRINGS = NO;
				SWIFT_VERSION = 5.0;
				TARGETED_DEVICE_FAMILY = "1,2";
				TEST_HOST = "$(BUILT_PRODUCTS_DIR)/4monthTestPractic.app/$(BUNDLE_EXECUTABLE_FOLDER_PATH)/4monthTestPractic";
			};
			name = Release;
		};
		189E4E542B8C92F200972C5F /* Debug */ = {
			isa = XCBuildConfiguration;
			buildSettings = {
				ALWAYS_EMBED_SWIFT_STANDARD_LIBRARIES = YES;
				CODE_SIGN_STYLE = Automatic;
				CURRENT_PROJECT_VERSION = 1;
				GENERATE_INFOPLIST_FILE = YES;
				MARKETING_VERSION = 1.0;
				PRODUCT_BUNDLE_IDENTIFIER = "omurbekov.-monthTestPracticUITests";
				PRODUCT_NAME = "$(TARGET_NAME)";
				SWIFT_EMIT_LOC_STRINGS = NO;
				SWIFT_VERSION = 5.0;
				TARGETED_DEVICE_FAMILY = "1,2";
				TEST_TARGET_NAME = 4monthTestPractic;
			};
			name = Debug;
		};
		189E4E552B8C92F200972C5F /* Release */ = {
			isa = XCBuildConfiguration;
			buildSettings = {
				ALWAYS_EMBED_SWIFT_STANDARD_LIBRARIES = YES;
				CODE_SIGN_STYLE = Automatic;
				CURRENT_PROJECT_VERSION = 1;
				GENERATE_INFOPLIST_FILE = YES;
				MARKETING_VERSION = 1.0;
				PRODUCT_BUNDLE_IDENTIFIER = "omurbekov.-monthTestPracticUITests";
				PRODUCT_NAME = "$(TARGET_NAME)";
				SWIFT_EMIT_LOC_STRINGS = NO;
				SWIFT_VERSION = 5.0;
				TARGETED_DEVICE_FAMILY = "1,2";
				TEST_TARGET_NAME = 4monthTestPractic;
			};
			name = Release;
		};
/* End XCBuildConfiguration section */

/* Begin XCConfigurationList section */
		189E4E1E2B8C92EF00972C5F /* Build configuration list for PBXProject "4monthTestPractic" */ = {
			isa = XCConfigurationList;
			buildConfigurations = (
				189E4E4B2B8C92F200972C5F /* Debug */,
				189E4E4C2B8C92F200972C5F /* Release */,
			);
			defaultConfigurationIsVisible = 0;
			defaultConfigurationName = Release;
		};
		189E4E4D2B8C92F200972C5F /* Build configuration list for PBXNativeTarget "4monthTestPractic" */ = {
			isa = XCConfigurationList;
			buildConfigurations = (
				189E4E4E2B8C92F200972C5F /* Debug */,
				189E4E4F2B8C92F200972C5F /* Release */,
			);
			defaultConfigurationIsVisible = 0;
			defaultConfigurationName = Release;
		};
		189E4E502B8C92F200972C5F /* Build configuration list for PBXNativeTarget "4monthTestPracticTests" */ = {
			isa = XCConfigurationList;
			buildConfigurations = (
				189E4E512B8C92F200972C5F /* Debug */,
				189E4E522B8C92F200972C5F /* Release */,
			);
			defaultConfigurationIsVisible = 0;
			defaultConfigurationName = Release;
		};
		189E4E532B8C92F200972C5F /* Build configuration list for PBXNativeTarget "4monthTestPracticUITests" */ = {
			isa = XCConfigurationList;
			buildConfigurations = (
				189E4E542B8C92F200972C5F /* Debug */,
				189E4E552B8C92F200972C5F /* Release */,
			);
			defaultConfigurationIsVisible = 0;
			defaultConfigurationName = Release;
		};
/* End XCConfigurationList section */
	};
	rootObject = 189E4E1B2B8C92EF00972C5F /* Project object */;
}
